
Microsoft Visual Studio Solution File, Format Version 12.00
# Visual Studio Version 17
VisualStudioVersion = 17.8.34330.188
MinimumVisualStudioVersion = 10.0.40219.1
Project("{9A19103F-16F7-4668-BE54-9A1E7A4F7556}") = "Typhoon.API", "Typhoon.API\Typhoon.API.csproj", "{49CC04AD-3136-42EB-9EC8-D5734A57C473}"
EndProject
Project("{9A19103F-16F7-4668-BE54-9A1E7A4F7556}") = "Typhoon.Respository", "Typhoon.Respository\Typhoon.Respository.csproj", "{866FA292-C4A2-45E8-943C-E17AEF57C0A9}"
EndProject
Project("{FAE04EC0-301F-11D3-BF4B-00C04F79EFBC}") = "Typhoon.Core", "Typhoon.Core\Typhoon.Core.csproj", "{45B1352F-A32C-4711-8A06-132EADDEA952}"
EndProject
Project("{FAE04EC0-301F-11D3-BF4B-00C04F79EFBC}") = "Typhoon.Service", "Typhoon.Service\Typhoon.Service.csproj", "{89253905-BC31-4748-90FA-3CABDC1E8258}"
EndProject
Global
	GlobalSection(SolutionConfigurationPlatforms) = preSolution
		Debug|Any CPU = Debug|Any CPU
		Release|Any CPU = Release|Any CPU
	EndGlobalSection
	GlobalSection(ProjectConfigurationPlatforms) = postSolution
		{49CC04AD-3136-42EB-9EC8-D5734A57C473}.Debug|Any CPU.ActiveCfg = Debug|Any CPU
		{49CC04AD-3136-42EB-9EC8-D5734A57C473}.Debug|Any CPU.Build.0 = Debug|Any CPU
		{49CC04AD-3136-42EB-9EC8-D5734A57C473}.Release|Any CPU.ActiveCfg = Release|Any CPU
		{49CC04AD-3136-42EB-9EC8-D5734A57C473}.Release|Any CPU.Build.0 = Release|Any CPU
		{866FA292-C4A2-45E8-943C-E17AEF57C0A9}.Debug|Any CPU.ActiveCfg = Debug|Any CPU
		{866FA292-C4A2-45E8-943C-E17AEF57C0A9}.Debug|Any CPU.Build.0 = Debug|Any CPU
		{866FA292-C4A2-45E8-943C-E17AEF57C0A9}.Release|Any CPU.ActiveCfg = Release|Any CPU
		{866FA292-C4A2-45E8-943C-E17AEF57C0A9}.Release|Any CPU.Build.0 = Release|Any CPU
		{45B1352F-A32C-4711-8A06-132EADDEA952}.Debug|Any CPU.ActiveCfg = Debug|Any CPU
		{45B1352F-A32C-4711-8A06-132EADDEA952}.Debug|Any CPU.Build.0 = Debug|Any CPU
		{45B1352F-A32C-4711-8A06-132EADDEA952}.Release|Any CPU.ActiveCfg = Release|Any CPU
		{45B1352F-A32C-4711-8A06-132EADDEA952}.Release|Any CPU.Build.0 = Release|Any CPU
		{89253905-BC31-4748-90FA-3CABDC1E8258}.Debug|Any CPU.ActiveCfg = Debug|Any CPU
		{89253905-BC31-4748-90FA-3CABDC1E8258}.Debug|Any CPU.Build.0 = Debug|Any CPU
		{89253905-BC31-4748-90FA-3CABDC1E8258}.Release|Any CPU.ActiveCfg = Release|Any CPU
		{89253905-BC31-4748-90FA-3CABDC1E8258}.Release|Any CPU.Build.0 = Release|Any CPU
	EndGlobalSection
	GlobalSection(SolutionProperties) = preSolution
		HideSolutionNode = FALSE
	EndGlobalSection
	GlobalSection(ExtensibilityGlobals) = postSolution
		SolutionGuid = {62D6C73B-7856-4795-84AF-DEAB6A7A3341}
	EndGlobalSection
EndGlobal
